// !$*UTF8*$!
{
	archiveVersion = 1;
	classes = {
	};
	objectVersion = 46;
	objects = {

/* Begin PBXBuildFile section */
		73373CA21E7A8D8400E53F1C /* Robit.cpp in Sources */ = {isa = PBXBuildFile; fileRef = 73373CA01E7A8D8400E53F1C /* Robit.cpp */; };
		735C248E1E6FFFDB00D37174 /* main.cpp in Sources */ = {isa = PBXBuildFile; fileRef = 735C248D1E6FFFDB00D37174 /* main.cpp */; };
		735C24961E70000E00D37174 /* SDL2.framework in Frameworks */ = {isa = PBXBuildFile; fileRef = 735C24951E70000E00D37174 /* SDL2.framework */; };
		739E72361E8BB23B006F704E /* Scene.cpp in Sources */ = {isa = PBXBuildFile; fileRef = 739E72341E8BB23B006F704E /* Scene.cpp */; };
		73CE6A871EF5353F005CF5F7 /* roboneko.icns in Resources */ = {isa = PBXBuildFile; fileRef = 73CE6A841EF53373005CF5F7 /* roboneko.icns */; };
/* End PBXBuildFile section */

/* Begin PBXCopyFilesBuildPhase section */
		735C24881E6FFFDB00D37174 /* CopyFiles */ = {
			isa = PBXCopyFilesBuildPhase;
			buildActionMask = 12;
			dstPath = .;
			dstSubfolderSpec = 16;
			files = (
			);
			runOnlyForDeploymentPostprocessing = 0;
		};
/* End PBXCopyFilesBuildPhase section */

/* Begin PBXFileReference section */
		73372C121ED14FB90040BF3D /* robits.h */ = {isa = PBXFileReference; fileEncoding = 4; lastKnownFileType = sourcecode.c.h; path = robits.h; sourceTree = "<group>"; };
		73373CA01E7A8D8400E53F1C /* Robit.cpp */ = {isa = PBXFileReference; fileEncoding = 4; lastKnownFileType = sourcecode.cpp.cpp; path = Robit.cpp; sourceTree = "<group>"; };
		73373CA11E7A8D8400E53F1C /* Robit.hpp */ = {isa = PBXFileReference; fileEncoding = 4; lastKnownFileType = sourcecode.cpp.h; path = Robit.hpp; sourceTree = "<group>"; };
		734F6E4F1EAF44B6008AAF17 /* Sprite.hpp */ = {isa = PBXFileReference; fileEncoding = 4; lastKnownFileType = sourcecode.cpp.h; path = Sprite.hpp; sourceTree = "<group>"; };
		735C248A1E6FFFDB00D37174 /* RoboNeko */ = {isa = PBXFileReference; explicitFileType = "compiled.mach-o.executable"; includeInIndex = 0; path = RoboNeko; sourceTree = BUILT_PRODUCTS_DIR; };
		735C248D1E6FFFDB00D37174 /* main.cpp */ = {isa = PBXFileReference; lastKnownFileType = sourcecode.cpp.cpp; path = main.cpp; sourceTree = "<group>"; };
		735C24951E70000E00D37174 /* SDL2.framework */ = {isa = PBXFileReference; lastKnownFileType = wrapper.framework; name = SDL2.framework; path = ../../../../Library/Frameworks/SDL2.framework; sourceTree = "<group>"; };
		739E72341E8BB23B006F704E /* Scene.cpp */ = {isa = PBXFileReference; fileEncoding = 4; lastKnownFileType = sourcecode.cpp.cpp; path = Scene.cpp; sourceTree = "<group>"; };
		739E72351E8BB23B006F704E /* Scene.hpp */ = {isa = PBXFileReference; fileEncoding = 4; lastKnownFileType = sourcecode.cpp.h; path = Scene.hpp; sourceTree = "<group>"; };
		73CE6A841EF53373005CF5F7 /* roboneko.icns */ = {isa = PBXFileReference; lastKnownFileType = image.icns; path = roboneko.icns; sourceTree = "<group>"; };
		73CE6A851EF533A2005CF5F7 /* info.plist */ = {isa = PBXFileReference; lastKnownFileType = text.plist; path = info.plist; sourceTree = "<group>"; };
/* End PBXFileReference section */

/* Begin PBXFrameworksBuildPhase section */
		735C24871E6FFFDB00D37174 /* Frameworks */ = {
			isa = PBXFrameworksBuildPhase;
			buildActionMask = 2147483647;
			files = (
				735C24961E70000E00D37174 /* SDL2.framework in Frameworks */,
			);
			runOnlyForDeploymentPostprocessing = 0;
		};
/* End PBXFrameworksBuildPhase section */

/* Begin PBXGroup section */
		734D18531E8F61510002C626 /* Scene */ = {
			isa = PBXGroup;
			children = (
				739E72341E8BB23B006F704E /* Scene.cpp */,
				739E72351E8BB23B006F704E /* Scene.hpp */,
			);
			name = Scene;
			sourceTree = "<group>";
		};
		734D18541E8F615C0002C626 /* Sprites */ = {
			isa = PBXGroup;
			children = (
				734F6E4F1EAF44B6008AAF17 /* Sprite.hpp */,
				73373CA11E7A8D8400E53F1C /* Robit.hpp */,
				73373CA01E7A8D8400E53F1C /* Robit.cpp */,
			);
			name = Sprites;
			sourceTree = "<group>";
		};
		734D18551E8F61DE0002C626 /* Assets */ = {
			isa = PBXGroup;
			children = (
				73CE6A841EF53373005CF5F7 /* roboneko.icns */,
				73372C121ED14FB90040BF3D /* robits.h */,
			);
			name = Assets;
			sourceTree = "<group>";
		};
		734D18561E8F61E30002C626 /* Main */ = {
			isa = PBXGroup;
			children = (
				735C248D1E6FFFDB00D37174 /* main.cpp */,
			);
			name = Main;
			sourceTree = "<group>";
		};
		735C24811E6FFFDB00D37174 = {
			isa = PBXGroup;
			children = (
				735C248C1E6FFFDB00D37174 /* RoboNeko */,
				735C248B1E6FFFDB00D37174 /* Products */,
				735C24941E70000E00D37174 /* Frameworks */,
			);
			indentWidth = 2;
			sourceTree = "<group>";
			tabWidth = 2;
			usesTabs = 0;
		};
		735C248B1E6FFFDB00D37174 /* Products */ = {
			isa = PBXGroup;
			children = (
				735C248A1E6FFFDB00D37174 /* RoboNeko */,
			);
			name = Products;
			sourceTree = "<group>";
		};
		735C248C1E6FFFDB00D37174 /* RoboNeko */ = {
			isa = PBXGroup;
			children = (
				73CE6A851EF533A2005CF5F7 /* info.plist */,
				734D18551E8F61DE0002C626 /* Assets */,
				734D18561E8F61E30002C626 /* Main */,
				734D18531E8F61510002C626 /* Scene */,
				734D18541E8F615C0002C626 /* Sprites */,
			);
			path = RoboNeko;
			sourceTree = "<group>";
		};
		735C24941E70000E00D37174 /* Frameworks */ = {
			isa = PBXGroup;
			children = (
				735C24951E70000E00D37174 /* SDL2.framework */,
			);
			name = Frameworks;
			sourceTree = "<group>";
		};
/* End PBXGroup section */

/* Begin PBXNativeTarget section */
		735C24891E6FFFDB00D37174 /* RoboNeko */ = {
			isa = PBXNativeTarget;
			buildConfigurationList = 735C24911E6FFFDB00D37174 /* Build configuration list for PBXNativeTarget "RoboNeko" */;
			buildPhases = (
				735C24861E6FFFDB00D37174 /* Sources */,
				735C24871E6FFFDB00D37174 /* Frameworks */,
				735C24881E6FFFDB00D37174 /* CopyFiles */,
				73CE6A861EF53539005CF5F7 /* Resources */,
			);
			buildRules = (
			);
			dependencies = (
			);
			name = RoboNeko;
			productName = RoboNeko;
			productReference = 735C248A1E6FFFDB00D37174 /* RoboNeko */;
			productType = "com.apple.product-type.tool";
		};
/* End PBXNativeTarget section */

/* Begin PBXProject section */
		735C24821E6FFFDB00D37174 /* Project object */ = {
			isa = PBXProject;
			attributes = {
				LastUpgradeCheck = 0820;
				ORGANIZATIONNAME = nspool;
				TargetAttributes = {
					735C24891E6FFFDB00D37174 = {
						CreatedOnToolsVersion = 8.2;
						DevelopmentTeam = BBMD5EQBE2;
						ProvisioningStyle = Automatic;
					};
				};
			};
			buildConfigurationList = 735C24851E6FFFDB00D37174 /* Build configuration list for PBXProject "RoboNeko" */;
			compatibilityVersion = "Xcode 3.2";
			developmentRegion = English;
			hasScannedForEncodings = 0;
			knownRegions = (
				en,
			);
			mainGroup = 735C24811E6FFFDB00D37174;
			productRefGroup = 735C248B1E6FFFDB00D37174 /* Products */;
			projectDirPath = "";
			projectRoot = "";
			targets = (
				735C24891E6FFFDB00D37174 /* RoboNeko */,
			);
		};
/* End PBXProject section */

/* Begin PBXResourcesBuildPhase section */
		73CE6A861EF53539005CF5F7 /* Resources */ = {
			isa = PBXResourcesBuildPhase;
			buildActionMask = 2147483647;
			files = (
				73CE6A871EF5353F005CF5F7 /* roboneko.icns in Resources */,
			);
			runOnlyForDeploymentPostprocessing = 0;
		};
/* End PBXResourcesBuildPhase section */

/* Begin PBXSourcesBuildPhase section */
		735C24861E6FFFDB00D37174 /* Sources */ = {
			isa = PBXSourcesBuildPhase;
			buildActionMask = 2147483647;
			files = (
				739E72361E8BB23B006F704E /* Scene.cpp in Sources */,
				73373CA21E7A8D8400E53F1C /* Robit.cpp in Sources */,
				735C248E1E6FFFDB00D37174 /* main.cpp in Sources */,
			);
			runOnlyForDeploymentPostprocessing = 0;
		};
/* End PBXSourcesBuildPhase section */

/* Begin XCBuildConfiguration section */
		735C248F1E6FFFDB00D37174 /* Debug */ = {
			isa = XCBuildConfiguration;
			buildSettings = {
				ALWAYS_SEARCH_USER_PATHS = NO;
				CLANG_ANALYZER_NONNULL = YES;
				CLANG_CXX_LANGUAGE_STANDARD = "gnu++0x";
				CLANG_CXX_LIBRARY = "libc++";
				CLANG_ENABLE_MODULES = YES;
				CLANG_ENABLE_OBJC_ARC = YES;
				CLANG_WARN_BOOL_CONVERSION = YES;
				CLANG_WARN_CONSTANT_CONVERSION = YES;
				CLANG_WARN_DIRECT_OBJC_ISA_USAGE = YES_ERROR;
				CLANG_WARN_DOCUMENTATION_COMMENTS = YES;
				CLANG_WARN_EMPTY_BODY = YES;
				CLANG_WARN_ENUM_CONVERSION = YES;
				CLANG_WARN_INFINITE_RECURSION = YES;
				CLANG_WARN_INT_CONVERSION = YES;
				CLANG_WARN_OBJC_ROOT_CLASS = YES_ERROR;
				CLANG_WARN_SUSPICIOUS_MOVE = YES;
				CLANG_WARN_UNREACHABLE_CODE = YES;
				CLANG_WARN__DUPLICATE_METHOD_MATCH = YES;
				CODE_SIGN_IDENTITY = "-";
				COPY_PHASE_STRIP = NO;
				DEBUG_INFORMATION_FORMAT = dwarf;
				ENABLE_STRICT_OBJC_MSGSEND = YES;
				ENABLE_TESTABILITY = YES;
				GCC_C_LANGUAGE_STANDARD = gnu99;
				GCC_DYNAMIC_NO_PIC = NO;
				GCC_NO_COMMON_BLOCKS = YES;
				GCC_OPTIMIZATION_LEVEL = 0;
				GCC_PREPROCESSOR_DEFINITIONS = (
					"DEBUG=1",
					"$(inherited)",
				);
				GCC_WARN_64_TO_32_BIT_CONVERSION = YES;
				GCC_WARN_ABOUT_RETURN_TYPE = YES_ERROR;
				GCC_WARN_UNDECLARED_SELECTOR = YES;
				GCC_WARN_UNINITIALIZED_AUTOS = YES_AGGRESSIVE;
				GCC_WARN_UNUSED_FUNCTION = YES;
				GCC_WARN_UNUSED_VARIABLE = YES;
				INFOPLIST_FILE = info.plist;
				MACOSX_DEPLOYMENT_TARGET = 10.12;
				MTL_ENABLE_DEBUG_INFO = YES;
				ONLY_ACTIVE_ARCH = YES;
				SDKROOT = macosx;
			};
			name = Debug;
		};
		735C24901E6FFFDB00D37174 /* Release */ = {
			isa = XCBuildConfiguration;
			buildSettings = {
				ALWAYS_SEARCH_USER_PATHS = NO;
				CLANG_ANALYZER_NONNULL = YES;
				CLANG_CXX_LANGUAGE_STANDARD = "gnu++0x";
				CLANG_CXX_LIBRARY = "libc++";
				CLANG_ENABLE_MODULES = YES;
				CLANG_ENABLE_OBJC_ARC = YES;
				CLANG_WARN_BOOL_CONVERSION = YES;
				CLANG_WARN_CONSTANT_CONVERSION = YES;
				CLANG_WARN_DIRECT_OBJC_ISA_USAGE = YES_ERROR;
				CLANG_WARN_DOCUMENTATION_COMMENTS = YES;
				CLANG_WARN_EMPTY_BODY = YES;
				CLANG_WARN_ENUM_CONVERSION = YES;
				CLANG_WARN_INFINITE_RECURSION = YES;
				CLANG_WARN_INT_CONVERSION = YES;
				CLANG_WARN_OBJC_ROOT_CLASS = YES_ERROR;
				CLANG_WARN_SUSPICIOUS_MOVE = YES;
				CLANG_WARN_UNREACHABLE_CODE = YES;
				CLANG_WARN__DUPLICATE_METHOD_MATCH = YES;
				CODE_SIGN_IDENTITY = "-";
				COPY_PHASE_STRIP = NO;
				DEBUG_INFORMATION_FORMAT = "dwarf-with-dsym";
				ENABLE_NS_ASSERTIONS = NO;
				ENABLE_STRICT_OBJC_MSGSEND = YES;
				GCC_C_LANGUAGE_STANDARD = gnu99;
				GCC_NO_COMMON_BLOCKS = YES;
				GCC_WARN_64_TO_32_BIT_CONVERSION = YES;
				GCC_WARN_ABOUT_RETURN_TYPE = YES_ERROR;
				GCC_WARN_UNDECLARED_SELECTOR = YES;
				GCC_WARN_UNINITIALIZED_AUTOS = YES_AGGRESSIVE;
				GCC_WARN_UNUSED_FUNCTION = YES;
				GCC_WARN_UNUSED_VARIABLE = YES;
				INFOPLIST_FILE = info.plist;
				MACOSX_DEPLOYMENT_TARGET = 10.12;
				MTL_ENABLE_DEBUG_INFO = NO;
				SDKROOT = macosx;
			};
			name = Release;
		};
		735C24921E6FFFDB00D37174 /* Debug */ = {
			isa = XCBuildConfiguration;
			buildSettings = {
				CODE_SIGN_IDENTITY = "Mac Developer";
				DEVELOPMENT_TEAM = BBMD5EQBE2;
				FRAMEWORK_SEARCH_PATHS = (
					"$(inherited)",
					"$(LOCAL_LIBRARY_DIR)/Frameworks",
				);
				INFOPLIST_FILE = "$(SRCROOT)/RoboNeko/info.plist";
				PRODUCT_BUNDLE_IDENTIFIER = com.github.nspool.roboneko;
				PRODUCT_NAME = "$(TARGET_NAME)";
				PROVISIONING_PROFILE_SPECIFIER = "";
			};
			name = Debug;
		};
		735C24931E6FFFDB00D37174 /* Release */ = {
			isa = XCBuildConfiguration;
			buildSettings = {
				CODE_SIGN_IDENTITY = "Mac Developer";
				DEVELOPMENT_TEAM = BBMD5EQBE2;
				FRAMEWORK_SEARCH_PATHS = (
					"$(inherited)",
					"$(LOCAL_LIBRARY_DIR)/Frameworks",
				);
				INFOPLIST_FILE = "$(SRCROOT)/RoboNeko/info.plist";
				PRODUCT_BUNDLE_IDENTIFIER = com.github.nspool.roboneko;
				PRODUCT_NAME = "$(TARGET_NAME)";
				PROVISIONING_PROFILE_SPECIFIER = "";
			};
			name = Release;
		};
/* End XCBuildConfiguration section */

/* Begin XCConfigurationList section */
		735C24851E6FFFDB00D37174 /* Build configuration list for PBXProject "RoboNeko" */ = {
			isa = XCConfigurationList;
			buildConfigurations = (
				735C248F1E6FFFDB00D37174 /* Debug */,
				735C24901E6FFFDB00D37174 /* Release */,
			);
			defaultConfigurationIsVisible = 0;
			defaultConfigurationName = Release;
		};
		735C24911E6FFFDB00D37174 /* Build configuration list for PBXNativeTarget "RoboNeko" */ = {
			isa = XCConfigurationList;
			buildConfigurations = (
				735C24921E6FFFDB00D37174 /* Debug */,
				735C24931E6FFFDB00D37174 /* Release */,
			);
			defaultConfigurationIsVisible = 0;
			defaultConfigurationName = Release;
		};
/* End XCConfigurationList section */
	};
	rootObject = 735C24821E6FFFDB00D37174 /* Project object */;
}
